{
  "name": "ders",
  "version": "1.0.0",
  "lockfileVersion": 1,
  "requires": true,
  "dependencies": {
    "bootstrap": {
      "version": "5.1.3",
      "resolved": "https://registry.npmjs.org/bootstrap/-/bootstrap-5.1.3.tgz",
      "integrity": "sha512-fcQztozJ8jToQWXxVuEyXWW+dSo8AiXWKwiSSrKWsRB/Qt+Ewwza+JWoLKiTuQLaEPhdNAJ7+Dosc9DOIqNy7Q=="
    },
    "sweetalert2": {
      "version": "11.4.16",
      "resolved": "https://registry.npmjs.org/sweetalert2/-/sweetalert2-11.4.16.tgz",
      "integrity": "sha512-6xXd7kQps2M0okOJp5D9kR/TVL+DPWiQGQFoUIwkRPN/FAF/RrWkV/VUT0/a+VXjjkxDQDedEs/PK0/ptEo/7A=="
    }
  }
}
